
Microsoft Visual Studio Solution File, Format Version 12.00
# Visual Studio Version 17
VisualStudioVersion = 17.2.32519.379
MinimumVisualStudioVersion = 10.0.40219.1
Project("{2150E333-8FDC-42A3-9474-1A3956D46DE8}") = "1 - CashBook", "1 - CashBook", "{F87CC29C-9D12-48B4-A2DE-3471C64EA072}"
EndProject
Project("{2150E333-8FDC-42A3-9474-1A3956D46DE8}") = "2 - Document", "2 - Document", "{B37B4E1B-BFE9-4119-9098-B951A3C3180A}"
EndProject
Project("{2150E333-8FDC-42A3-9474-1A3956D46DE8}") = "3 - Request", "3 - Request", "{826245B2-B608-4644-A5C5-E698B72D4AFA}"
EndProject
Project("{2150E333-8FDC-42A3-9474-1A3956D46DE8}") = "4 - Infrastructure", "4 - Infrastructure", "{FD9E4762-C6AA-49F5-B035-AF9602D53DE6}"
EndProject
Project("{9A19103F-16F7-4668-BE54-9A1E7A4F7556}") = "Infrastructure", "Infrastructure\Infrastructure.csproj", "{BAB4F889-EFBE-476D-8694-209F81E7B4EE}"
EndProject
Project("{2150E333-8FDC-42A3-9474-1A3956D46DE8}") = "Application", "Application", "{5E8A473B-DC4A-41B6-8E6D-35F09A44AC13}"
EndProject
Project("{2150E333-8FDC-42A3-9474-1A3956D46DE8}") = "Data", "Data", "{583D7C5A-910C-4544-92EB-909F7DBC47F2}"
EndProject
Project("{2150E333-8FDC-42A3-9474-1A3956D46DE8}") = "Domain", "Domain", "{74A7E417-598A-4582-BD10-005E2CACE019}"
EndProject
Project("{9A19103F-16F7-4668-BE54-9A1E7A4F7556}") = "RequestDomain", "RequestDomain\RequestDomain.csproj", "{EE6712B4-E588-4EA3-9892-4B6F974E662B}"
EndProject
Project("{2150E333-8FDC-42A3-9474-1A3956D46DE8}") = "Application", "Application", "{B0477D84-75A6-40E2-B353-AA57273B7476}"
EndProject
Project("{2150E333-8FDC-42A3-9474-1A3956D46DE8}") = "Domain", "Domain", "{CF8D32C0-EB85-4611-B4E7-805CB5F1B387}"
EndProject
Project("{2150E333-8FDC-42A3-9474-1A3956D46DE8}") = "Data", "Data", "{E06E654A-9732-40A1-A196-5FC3FA68EE62}"
EndProject
Project("{9A19103F-16F7-4668-BE54-9A1E7A4F7556}") = "DocumentDomain", "DocumentDomain\DocumentDomain.csproj", "{2E4C16F9-54D1-4BDB-86F9-D6F3DD6DFFBE}"
EndProject
Project("{2150E333-8FDC-42A3-9474-1A3956D46DE8}") = "Application", "Application", "{BB690B39-598B-4D74-88AD-0E00C482B96A}"
EndProject
Project("{2150E333-8FDC-42A3-9474-1A3956D46DE8}") = "Data", "Data", "{F03B57DE-7C57-4927-9E95-AD6A32D3D36C}"
EndProject
Project("{2150E333-8FDC-42A3-9474-1A3956D46DE8}") = "Domain", "Domain", "{73620B82-B36A-43F5-9DB3-CA574B2BC46F}"
EndProject
Project("{9A19103F-16F7-4668-BE54-9A1E7A4F7556}") = "CashBookDomain", "CashBookDomain\CashBookDomain.csproj", "{3079A55F-0682-4EE0-BF21-8ED03DE5D1DE}"
EndProject
Project("{9A19103F-16F7-4668-BE54-9A1E7A4F7556}") = "CashBookData", "CashBookData\CashBookData.csproj", "{8009EC31-FD41-45D8-8C6A-4FE8199C8BBD}"
EndProject
Project("{9A19103F-16F7-4668-BE54-9A1E7A4F7556}") = "DocumentData", "DocumentData\DocumentData.csproj", "{B80A874F-CC62-4AAD-9E8E-99AE2CD58FC5}"
EndProject
Project("{9A19103F-16F7-4668-BE54-9A1E7A4F7556}") = "RequestData", "RequestData\RequestData.csproj", "{351F9B32-A139-4901-8554-12543455BC07}"
EndProject
Project("{9A19103F-16F7-4668-BE54-9A1E7A4F7556}") = "CashBookApp", "CashBookApp\CashBookApp.csproj", "{E2B799AA-6EF5-4703-9DC9-034333D9D28F}"
EndProject
Project("{9A19103F-16F7-4668-BE54-9A1E7A4F7556}") = "DocumentApp", "DocumentApp\DocumentApp.csproj", "{05B4F9DF-E994-45B2-A3CC-BEF6A0BEE40B}"
EndProject
Project("{9A19103F-16F7-4668-BE54-9A1E7A4F7556}") = "RequestApp", "RequestApp\RequestApp.csproj", "{6C2D5AD3-F4EA-4E81-BAD2-3377BB9AC720}"
EndProject
Project("{9A19103F-16F7-4668-BE54-9A1E7A4F7556}") = "CashBookAPIClient", "CashBookAPIClient\CashBookAPIClient.csproj", "{E9983CD8-95BC-44C7-B0F8-2C8DECE57C38}"
EndProject
Project("{9A19103F-16F7-4668-BE54-9A1E7A4F7556}") = "CashBookAPI", "CashBookAPI\CashBookAPI.csproj", "{30456831-D5A8-4C11-A130-7D7AD1584230}"
EndProject
Project("{9A19103F-16F7-4668-BE54-9A1E7A4F7556}") = "DocumentAPI", "DocumentAPI\DocumentAPI.csproj", "{C3B7AC51-3211-4503-8537-F5ABE1BC8E9F}"
EndProject
Project("{9A19103F-16F7-4668-BE54-9A1E7A4F7556}") = "RequestAPI", "RequestAPI\RequestAPI.csproj", "{6D65920A-1592-4CE8-BE65-B60837202472}"
EndProject
Project("{2150E333-8FDC-42A3-9474-1A3956D46DE8}") = "UnitTests", "UnitTests", "{7934113C-44F4-42E7-AFCD-B0996931447E}"
EndProject
Project("{2150E333-8FDC-42A3-9474-1A3956D46DE8}") = "UnitTests", "UnitTests", "{D7F9FBBF-918B-49A9-AFF7-8ED95CAE6B28}"
EndProject
Project("{2150E333-8FDC-42A3-9474-1A3956D46DE8}") = "UnitTests", "UnitTests", "{0ADD733C-6D0D-4B8B-A7D9-FFEF27BC465D}"
EndProject
Project("{FAE04EC0-301F-11D3-BF4B-00C04F79EFBC}") = "CashBookTests", "CashBookTests\CashBookTests.csproj", "{8F137F70-894C-478A-9CD5-BAFB1E33AA68}"
EndProject
Project("{FAE04EC0-301F-11D3-BF4B-00C04F79EFBC}") = "DocumentTests", "DocumentTests\DocumentTests.csproj", "{A4FD79F3-D79E-4861-9B3E-9F737D22D40B}"
EndProject
Project("{FAE04EC0-301F-11D3-BF4B-00C04F79EFBC}") = "RequestTests", "RequestTests\RequestTests.csproj", "{AE383CBF-56C5-4320-AE4B-3B4CD5A383CC}"
EndProject
Global
	GlobalSection(SolutionConfigurationPlatforms) = preSolution
		Debug|Any CPU = Debug|Any CPU
		Release|Any CPU = Release|Any CPU
	EndGlobalSection
	GlobalSection(ProjectConfigurationPlatforms) = postSolution
		{BAB4F889-EFBE-476D-8694-209F81E7B4EE}.Debug|Any CPU.ActiveCfg = Debug|Any CPU
		{BAB4F889-EFBE-476D-8694-209F81E7B4EE}.Debug|Any CPU.Build.0 = Debug|Any CPU
		{BAB4F889-EFBE-476D-8694-209F81E7B4EE}.Release|Any CPU.ActiveCfg = Release|Any CPU
		{BAB4F889-EFBE-476D-8694-209F81E7B4EE}.Release|Any CPU.Build.0 = Release|Any CPU
		{EE6712B4-E588-4EA3-9892-4B6F974E662B}.Debug|Any CPU.ActiveCfg = Debug|Any CPU
		{EE6712B4-E588-4EA3-9892-4B6F974E662B}.Debug|Any CPU.Build.0 = Debug|Any CPU
		{EE6712B4-E588-4EA3-9892-4B6F974E662B}.Release|Any CPU.ActiveCfg = Release|Any CPU
		{EE6712B4-E588-4EA3-9892-4B6F974E662B}.Release|Any CPU.Build.0 = Release|Any CPU
		{2E4C16F9-54D1-4BDB-86F9-D6F3DD6DFFBE}.Debug|Any CPU.ActiveCfg = Debug|Any CPU
		{2E4C16F9-54D1-4BDB-86F9-D6F3DD6DFFBE}.Debug|Any CPU.Build.0 = Debug|Any CPU
		{2E4C16F9-54D1-4BDB-86F9-D6F3DD6DFFBE}.Release|Any CPU.ActiveCfg = Release|Any CPU
		{2E4C16F9-54D1-4BDB-86F9-D6F3DD6DFFBE}.Release|Any CPU.Build.0 = Release|Any CPU
		{3079A55F-0682-4EE0-BF21-8ED03DE5D1DE}.Debug|Any CPU.ActiveCfg = Debug|Any CPU
		{3079A55F-0682-4EE0-BF21-8ED03DE5D1DE}.Debug|Any CPU.Build.0 = Debug|Any CPU
		{3079A55F-0682-4EE0-BF21-8ED03DE5D1DE}.Release|Any CPU.ActiveCfg = Release|Any CPU
		{3079A55F-0682-4EE0-BF21-8ED03DE5D1DE}.Release|Any CPU.Build.0 = Release|Any CPU
		{8009EC31-FD41-45D8-8C6A-4FE8199C8BBD}.Debug|Any CPU.ActiveCfg = Debug|Any CPU
		{8009EC31-FD41-45D8-8C6A-4FE8199C8BBD}.Debug|Any CPU.Build.0 = Debug|Any CPU
		{8009EC31-FD41-45D8-8C6A-4FE8199C8BBD}.Release|Any CPU.ActiveCfg = Release|Any CPU
		{8009EC31-FD41-45D8-8C6A-4FE8199C8BBD}.Release|Any CPU.Build.0 = Release|Any CPU
		{B80A874F-CC62-4AAD-9E8E-99AE2CD58FC5}.Debug|Any CPU.ActiveCfg = Debug|Any CPU
		{B80A874F-CC62-4AAD-9E8E-99AE2CD58FC5}.Debug|Any CPU.Build.0 = Debug|Any CPU
		{B80A874F-CC62-4AAD-9E8E-99AE2CD58FC5}.Release|Any CPU.ActiveCfg = Release|Any CPU
		{B80A874F-CC62-4AAD-9E8E-99AE2CD58FC5}.Release|Any CPU.Build.0 = Release|Any CPU
		{351F9B32-A139-4901-8554-12543455BC07}.Debug|Any CPU.ActiveCfg = Debug|Any CPU
		{351F9B32-A139-4901-8554-12543455BC07}.Debug|Any CPU.Build.0 = Debug|Any CPU
		{351F9B32-A139-4901-8554-12543455BC07}.Release|Any CPU.ActiveCfg = Release|Any CPU
		{351F9B32-A139-4901-8554-12543455BC07}.Release|Any CPU.Build.0 = Release|Any CPU
		{E2B799AA-6EF5-4703-9DC9-034333D9D28F}.Debug|Any CPU.ActiveCfg = Debug|Any CPU
		{E2B799AA-6EF5-4703-9DC9-034333D9D28F}.Debug|Any CPU.Build.0 = Debug|Any CPU
		{E2B799AA-6EF5-4703-9DC9-034333D9D28F}.Release|Any CPU.ActiveCfg = Release|Any CPU
		{E2B799AA-6EF5-4703-9DC9-034333D9D28F}.Release|Any CPU.Build.0 = Release|Any CPU
		{05B4F9DF-E994-45B2-A3CC-BEF6A0BEE40B}.Debug|Any CPU.ActiveCfg = Debug|Any CPU
		{05B4F9DF-E994-45B2-A3CC-BEF6A0BEE40B}.Debug|Any CPU.Build.0 = Debug|Any CPU
		{05B4F9DF-E994-45B2-A3CC-BEF6A0BEE40B}.Release|Any CPU.ActiveCfg = Release|Any CPU
		{05B4F9DF-E994-45B2-A3CC-BEF6A0BEE40B}.Release|Any CPU.Build.0 = Release|Any CPU
		{6C2D5AD3-F4EA-4E81-BAD2-3377BB9AC720}.Debug|Any CPU.ActiveCfg = Debug|Any CPU
		{6C2D5AD3-F4EA-4E81-BAD2-3377BB9AC720}.Debug|Any CPU.Build.0 = Debug|Any CPU
		{6C2D5AD3-F4EA-4E81-BAD2-3377BB9AC720}.Release|Any CPU.ActiveCfg = Release|Any CPU
		{6C2D5AD3-F4EA-4E81-BAD2-3377BB9AC720}.Release|Any CPU.Build.0 = Release|Any CPU
		{E9983CD8-95BC-44C7-B0F8-2C8DECE57C38}.Debug|Any CPU.ActiveCfg = Debug|Any CPU
		{E9983CD8-95BC-44C7-B0F8-2C8DECE57C38}.Debug|Any CPU.Build.0 = Debug|Any CPU
		{E9983CD8-95BC-44C7-B0F8-2C8DECE57C38}.Release|Any CPU.ActiveCfg = Release|Any CPU
		{E9983CD8-95BC-44C7-B0F8-2C8DECE57C38}.Release|Any CPU.Build.0 = Release|Any CPU
		{30456831-D5A8-4C11-A130-7D7AD1584230}.Debug|Any CPU.ActiveCfg = Debug|Any CPU
		{30456831-D5A8-4C11-A130-7D7AD1584230}.Debug|Any CPU.Build.0 = Debug|Any CPU
		{30456831-D5A8-4C11-A130-7D7AD1584230}.Release|Any CPU.ActiveCfg = Release|Any CPU
		{30456831-D5A8-4C11-A130-7D7AD1584230}.Release|Any CPU.Build.0 = Release|Any CPU
		{C3B7AC51-3211-4503-8537-F5ABE1BC8E9F}.Debug|Any CPU.ActiveCfg = Debug|Any CPU
		{C3B7AC51-3211-4503-8537-F5ABE1BC8E9F}.Debug|Any CPU.Build.0 = Debug|Any CPU
		{C3B7AC51-3211-4503-8537-F5ABE1BC8E9F}.Release|Any CPU.ActiveCfg = Release|Any CPU
		{C3B7AC51-3211-4503-8537-F5ABE1BC8E9F}.Release|Any CPU.Build.0 = Release|Any CPU
		{6D65920A-1592-4CE8-BE65-B60837202472}.Debug|Any CPU.ActiveCfg = Debug|Any CPU
		{6D65920A-1592-4CE8-BE65-B60837202472}.Debug|Any CPU.Build.0 = Debug|Any CPU
		{6D65920A-1592-4CE8-BE65-B60837202472}.Release|Any CPU.ActiveCfg = Release|Any CPU
		{6D65920A-1592-4CE8-BE65-B60837202472}.Release|Any CPU.Build.0 = Release|Any CPU
		{8F137F70-894C-478A-9CD5-BAFB1E33AA68}.Debug|Any CPU.ActiveCfg = Debug|Any CPU
		{8F137F70-894C-478A-9CD5-BAFB1E33AA68}.Debug|Any CPU.Build.0 = Debug|Any CPU
		{8F137F70-894C-478A-9CD5-BAFB1E33AA68}.Release|Any CPU.ActiveCfg = Release|Any CPU
		{8F137F70-894C-478A-9CD5-BAFB1E33AA68}.Release|Any CPU.Build.0 = Release|Any CPU
		{A4FD79F3-D79E-4861-9B3E-9F737D22D40B}.Debug|Any CPU.ActiveCfg = Debug|Any CPU
		{A4FD79F3-D79E-4861-9B3E-9F737D22D40B}.Debug|Any CPU.Build.0 = Debug|Any CPU
		{A4FD79F3-D79E-4861-9B3E-9F737D22D40B}.Release|Any CPU.ActiveCfg = Release|Any CPU
		{A4FD79F3-D79E-4861-9B3E-9F737D22D40B}.Release|Any CPU.Build.0 = Release|Any CPU
		{AE383CBF-56C5-4320-AE4B-3B4CD5A383CC}.Debug|Any CPU.ActiveCfg = Debug|Any CPU
		{AE383CBF-56C5-4320-AE4B-3B4CD5A383CC}.Debug|Any CPU.Build.0 = Debug|Any CPU
		{AE383CBF-56C5-4320-AE4B-3B4CD5A383CC}.Release|Any CPU.ActiveCfg = Release|Any CPU
		{AE383CBF-56C5-4320-AE4B-3B4CD5A383CC}.Release|Any CPU.Build.0 = Release|Any CPU
	EndGlobalSection
	GlobalSection(SolutionProperties) = preSolution
		HideSolutionNode = FALSE
	EndGlobalSection
	GlobalSection(NestedProjects) = preSolution
		{BAB4F889-EFBE-476D-8694-209F81E7B4EE} = {FD9E4762-C6AA-49F5-B035-AF9602D53DE6}
		{5E8A473B-DC4A-41B6-8E6D-35F09A44AC13} = {826245B2-B608-4644-A5C5-E698B72D4AFA}
		{583D7C5A-910C-4544-92EB-909F7DBC47F2} = {826245B2-B608-4644-A5C5-E698B72D4AFA}
		{74A7E417-598A-4582-BD10-005E2CACE019} = {826245B2-B608-4644-A5C5-E698B72D4AFA}
		{EE6712B4-E588-4EA3-9892-4B6F974E662B} = {74A7E417-598A-4582-BD10-005E2CACE019}
		{B0477D84-75A6-40E2-B353-AA57273B7476} = {B37B4E1B-BFE9-4119-9098-B951A3C3180A}
		{CF8D32C0-EB85-4611-B4E7-805CB5F1B387} = {B37B4E1B-BFE9-4119-9098-B951A3C3180A}
		{E06E654A-9732-40A1-A196-5FC3FA68EE62} = {B37B4E1B-BFE9-4119-9098-B951A3C3180A}
		{2E4C16F9-54D1-4BDB-86F9-D6F3DD6DFFBE} = {CF8D32C0-EB85-4611-B4E7-805CB5F1B387}
		{BB690B39-598B-4D74-88AD-0E00C482B96A} = {F87CC29C-9D12-48B4-A2DE-3471C64EA072}
		{F03B57DE-7C57-4927-9E95-AD6A32D3D36C} = {F87CC29C-9D12-48B4-A2DE-3471C64EA072}
		{73620B82-B36A-43F5-9DB3-CA574B2BC46F} = {F87CC29C-9D12-48B4-A2DE-3471C64EA072}
		{3079A55F-0682-4EE0-BF21-8ED03DE5D1DE} = {73620B82-B36A-43F5-9DB3-CA574B2BC46F}
		{8009EC31-FD41-45D8-8C6A-4FE8199C8BBD} = {F03B57DE-7C57-4927-9E95-AD6A32D3D36C}
		{B80A874F-CC62-4AAD-9E8E-99AE2CD58FC5} = {E06E654A-9732-40A1-A196-5FC3FA68EE62}
		{351F9B32-A139-4901-8554-12543455BC07} = {583D7C5A-910C-4544-92EB-909F7DBC47F2}
		{E2B799AA-6EF5-4703-9DC9-034333D9D28F} = {BB690B39-598B-4D74-88AD-0E00C482B96A}
		{05B4F9DF-E994-45B2-A3CC-BEF6A0BEE40B} = {B0477D84-75A6-40E2-B353-AA57273B7476}
		{6C2D5AD3-F4EA-4E81-BAD2-3377BB9AC720} = {5E8A473B-DC4A-41B6-8E6D-35F09A44AC13}
		{E9983CD8-95BC-44C7-B0F8-2C8DECE57C38} = {F87CC29C-9D12-48B4-A2DE-3471C64EA072}
		{30456831-D5A8-4C11-A130-7D7AD1584230} = {F87CC29C-9D12-48B4-A2DE-3471C64EA072}
		{C3B7AC51-3211-4503-8537-F5ABE1BC8E9F} = {B37B4E1B-BFE9-4119-9098-B951A3C3180A}
		{6D65920A-1592-4CE8-BE65-B60837202472} = {826245B2-B608-4644-A5C5-E698B72D4AFA}
		{7934113C-44F4-42E7-AFCD-B0996931447E} = {F87CC29C-9D12-48B4-A2DE-3471C64EA072}
		{D7F9FBBF-918B-49A9-AFF7-8ED95CAE6B28} = {B37B4E1B-BFE9-4119-9098-B951A3C3180A}
		{0ADD733C-6D0D-4B8B-A7D9-FFEF27BC465D} = {826245B2-B608-4644-A5C5-E698B72D4AFA}
		{8F137F70-894C-478A-9CD5-BAFB1E33AA68} = {7934113C-44F4-42E7-AFCD-B0996931447E}
		{A4FD79F3-D79E-4861-9B3E-9F737D22D40B} = {D7F9FBBF-918B-49A9-AFF7-8ED95CAE6B28}
		{AE383CBF-56C5-4320-AE4B-3B4CD5A383CC} = {0ADD733C-6D0D-4B8B-A7D9-FFEF27BC465D}
	EndGlobalSection
	GlobalSection(ExtensibilityGlobals) = postSolution
		SolutionGuid = {8477B7EF-6BB7-4C7F-8D49-DBAE0B1342D5}
	EndGlobalSection
EndGlobal
